
Microsoft Visual Studio Solution File, Format Version 12.00
# Visual Studio Version 17
VisualStudioVersion = 17.10.35027.167
MinimumVisualStudioVersion = 10.0.40219.1
Project("{9A19103F-16F7-4668-BE54-9A1E7A4F7556}") = "CadastroEquipes", "CadastroEquipes.csproj", "{61F8BC2F-B6AD-4274-A687-A1B0E72B0DE1}"
EndProject
Global
	GlobalSection(SolutionConfigurationPlatforms) = preSolution
		Debug|Any CPU = Debug|Any CPU
		Release|Any CPU = Release|Any CPU
	EndGlobalSection
	GlobalSection(ProjectConfigurationPlatforms) = postSolution
		{61F8BC2F-B6AD-4274-A687-A1B0E72B0DE1}.Debug|Any CPU.ActiveCfg = Debug|Any CPU
		{61F8BC2F-B6AD-4274-A687-A1B0E72B0DE1}.Debug|Any CPU.Build.0 = Debug|Any CPU
		{61F8BC2F-B6AD-4274-A687-A1B0E72B0DE1}.Release|Any CPU.ActiveCfg = Release|Any CPU
		{61F8BC2F-B6AD-4274-A687-A1B0E72B0DE1}.Release|Any CPU.Build.0 = Release|Any CPU
	EndGlobalSection
	GlobalSection(SolutionProperties) = preSolution
		HideSolutionNode = FALSE
	EndGlobalSection
	GlobalSection(ExtensibilityGlobals) = postSolution
		SolutionGuid = {031F760A-E590-4B32-BFE1-43F7E9F690DF}
	EndGlobalSection
EndGlobal
